
Microsoft Visual Studio Solution File, Format Version 12.00
Project("{FAE04EC0-301F-11D3-BF4B-00C04F79EFBC}") = "Solete.Analyzers", "Solete.Analyzers\Solete.Analyzers.csproj", "{D525805A-0EFB-44D4-83FD-99F70BDC5380}"
EndProject
Project("{FAE04EC0-301F-11D3-BF4B-00C04F79EFBC}") = "Solete.Analyzers.Test", "Solete.Analyzers.Test\Solete.Analyzers.Test.csproj", "{3EBEC8C2-DA95-4557-8179-229943A31409}"
EndProject
Project("{FAE04EC0-301F-11D3-BF4B-00C04F79EFBC}") = "Solete.Analyzers.Fixes", "Solete.Analyzers.Fixes\Solete.Analyzers.Fixes.csproj", "{34F43F73-3B9A-4CC2-AEAD-6318C305283B}"
EndProject
Project("{FAE04EC0-301F-11D3-BF4B-00C04F79EFBC}") = "Solete.Analyzers.Package", "Solete.Analyzers.Package\Solete.Analyzers.Package.csproj", "{1DDFC151-320F-4960-A7C3-A00FA916BE3F}"
EndProject
Global
	GlobalSection(SolutionConfigurationPlatforms) = preSolution
		Debug|Any CPU = Debug|Any CPU
		Release|Any CPU = Release|Any CPU
	EndGlobalSection
	GlobalSection(ProjectConfigurationPlatforms) = postSolution
		{D525805A-0EFB-44D4-83FD-99F70BDC5380}.Debug|Any CPU.ActiveCfg = Debug|Any CPU
		{D525805A-0EFB-44D4-83FD-99F70BDC5380}.Debug|Any CPU.Build.0 = Debug|Any CPU
		{D525805A-0EFB-44D4-83FD-99F70BDC5380}.Release|Any CPU.ActiveCfg = Release|Any CPU
		{D525805A-0EFB-44D4-83FD-99F70BDC5380}.Release|Any CPU.Build.0 = Release|Any CPU
		{3EBEC8C2-DA95-4557-8179-229943A31409}.Debug|Any CPU.ActiveCfg = Debug|Any CPU
		{3EBEC8C2-DA95-4557-8179-229943A31409}.Debug|Any CPU.Build.0 = Debug|Any CPU
		{3EBEC8C2-DA95-4557-8179-229943A31409}.Release|Any CPU.ActiveCfg = Release|Any CPU
		{3EBEC8C2-DA95-4557-8179-229943A31409}.Release|Any CPU.Build.0 = Release|Any CPU
		{34F43F73-3B9A-4CC2-AEAD-6318C305283B}.Debug|Any CPU.ActiveCfg = Debug|Any CPU
		{34F43F73-3B9A-4CC2-AEAD-6318C305283B}.Debug|Any CPU.Build.0 = Debug|Any CPU
		{34F43F73-3B9A-4CC2-AEAD-6318C305283B}.Release|Any CPU.ActiveCfg = Release|Any CPU
		{34F43F73-3B9A-4CC2-AEAD-6318C305283B}.Release|Any CPU.Build.0 = Release|Any CPU
		{1DDFC151-320F-4960-A7C3-A00FA916BE3F}.Debug|Any CPU.ActiveCfg = Debug|Any CPU
		{1DDFC151-320F-4960-A7C3-A00FA916BE3F}.Debug|Any CPU.Build.0 = Debug|Any CPU
		{1DDFC151-320F-4960-A7C3-A00FA916BE3F}.Release|Any CPU.ActiveCfg = Release|Any CPU
		{1DDFC151-320F-4960-A7C3-A00FA916BE3F}.Release|Any CPU.Build.0 = Release|Any CPU
	EndGlobalSection
EndGlobal
